
Microsoft Visual Studio Solution File, Format Version 12.00
# Visual Studio 15
VisualStudioVersion = 15.0.26124.0
MinimumVisualStudioVersion = 15.0.26124.0
Project("{FAE04EC0-301F-11D3-BF4B-00C04F79EFBC}") = "testwebapi", "testwebapi\testwebapi.csproj", "{06DF2ADD-7152-4FE1-A0EB-E113661BB747}"
EndProject
Project("{FAE04EC0-301F-11D3-BF4B-00C04F79EFBC}") = "entity", "entity\entity.csproj", "{635486F4-BB72-46FD-8656-8F4E48C933AA}"
EndProject
Project("{FAE04EC0-301F-11D3-BF4B-00C04F79EFBC}") = "dal", "dal\dal.csproj", "{D21E40C2-23E7-47A3-B2E0-B8E47CF02AD9}"
EndProject
Project("{FAE04EC0-301F-11D3-BF4B-00C04F79EFBC}") = "bll", "bll\bll.csproj", "{B1ADC0FD-8B09-4057-8DE2-A6A896FE6E23}"
EndProject
Global
	GlobalSection(SolutionConfigurationPlatforms) = preSolution
		Debug|Any CPU = Debug|Any CPU
		Debug|x64 = Debug|x64
		Debug|x86 = Debug|x86
		Release|Any CPU = Release|Any CPU
		Release|x64 = Release|x64
		Release|x86 = Release|x86
	EndGlobalSection
	GlobalSection(SolutionProperties) = preSolution
		HideSolutionNode = FALSE
	EndGlobalSection
	GlobalSection(ProjectConfigurationPlatforms) = postSolution
		{06DF2ADD-7152-4FE1-A0EB-E113661BB747}.Debug|Any CPU.ActiveCfg = Debug|Any CPU
		{06DF2ADD-7152-4FE1-A0EB-E113661BB747}.Debug|Any CPU.Build.0 = Debug|Any CPU
		{06DF2ADD-7152-4FE1-A0EB-E113661BB747}.Debug|x64.ActiveCfg = Debug|Any CPU
		{06DF2ADD-7152-4FE1-A0EB-E113661BB747}.Debug|x64.Build.0 = Debug|Any CPU
		{06DF2ADD-7152-4FE1-A0EB-E113661BB747}.Debug|x86.ActiveCfg = Debug|Any CPU
		{06DF2ADD-7152-4FE1-A0EB-E113661BB747}.Debug|x86.Build.0 = Debug|Any CPU
		{06DF2ADD-7152-4FE1-A0EB-E113661BB747}.Release|Any CPU.ActiveCfg = Release|Any CPU
		{06DF2ADD-7152-4FE1-A0EB-E113661BB747}.Release|Any CPU.Build.0 = Release|Any CPU
		{06DF2ADD-7152-4FE1-A0EB-E113661BB747}.Release|x64.ActiveCfg = Release|Any CPU
		{06DF2ADD-7152-4FE1-A0EB-E113661BB747}.Release|x64.Build.0 = Release|Any CPU
		{06DF2ADD-7152-4FE1-A0EB-E113661BB747}.Release|x86.ActiveCfg = Release|Any CPU
		{06DF2ADD-7152-4FE1-A0EB-E113661BB747}.Release|x86.Build.0 = Release|Any CPU
		{635486F4-BB72-46FD-8656-8F4E48C933AA}.Debug|Any CPU.ActiveCfg = Debug|Any CPU
		{635486F4-BB72-46FD-8656-8F4E48C933AA}.Debug|Any CPU.Build.0 = Debug|Any CPU
		{635486F4-BB72-46FD-8656-8F4E48C933AA}.Debug|x64.ActiveCfg = Debug|Any CPU
		{635486F4-BB72-46FD-8656-8F4E48C933AA}.Debug|x64.Build.0 = Debug|Any CPU
		{635486F4-BB72-46FD-8656-8F4E48C933AA}.Debug|x86.ActiveCfg = Debug|Any CPU
		{635486F4-BB72-46FD-8656-8F4E48C933AA}.Debug|x86.Build.0 = Debug|Any CPU
		{635486F4-BB72-46FD-8656-8F4E48C933AA}.Release|Any CPU.ActiveCfg = Release|Any CPU
		{635486F4-BB72-46FD-8656-8F4E48C933AA}.Release|Any CPU.Build.0 = Release|Any CPU
		{635486F4-BB72-46FD-8656-8F4E48C933AA}.Release|x64.ActiveCfg = Release|Any CPU
		{635486F4-BB72-46FD-8656-8F4E48C933AA}.Release|x64.Build.0 = Release|Any CPU
		{635486F4-BB72-46FD-8656-8F4E48C933AA}.Release|x86.ActiveCfg = Release|Any CPU
		{635486F4-BB72-46FD-8656-8F4E48C933AA}.Release|x86.Build.0 = Release|Any CPU
		{D21E40C2-23E7-47A3-B2E0-B8E47CF02AD9}.Debug|Any CPU.ActiveCfg = Debug|Any CPU
		{D21E40C2-23E7-47A3-B2E0-B8E47CF02AD9}.Debug|Any CPU.Build.0 = Debug|Any CPU
		{D21E40C2-23E7-47A3-B2E0-B8E47CF02AD9}.Debug|x64.ActiveCfg = Debug|Any CPU
		{D21E40C2-23E7-47A3-B2E0-B8E47CF02AD9}.Debug|x64.Build.0 = Debug|Any CPU
		{D21E40C2-23E7-47A3-B2E0-B8E47CF02AD9}.Debug|x86.ActiveCfg = Debug|Any CPU
		{D21E40C2-23E7-47A3-B2E0-B8E47CF02AD9}.Debug|x86.Build.0 = Debug|Any CPU
		{D21E40C2-23E7-47A3-B2E0-B8E47CF02AD9}.Release|Any CPU.ActiveCfg = Release|Any CPU
		{D21E40C2-23E7-47A3-B2E0-B8E47CF02AD9}.Release|Any CPU.Build.0 = Release|Any CPU
		{D21E40C2-23E7-47A3-B2E0-B8E47CF02AD9}.Release|x64.ActiveCfg = Release|Any CPU
		{D21E40C2-23E7-47A3-B2E0-B8E47CF02AD9}.Release|x64.Build.0 = Release|Any CPU
		{D21E40C2-23E7-47A3-B2E0-B8E47CF02AD9}.Release|x86.ActiveCfg = Release|Any CPU
		{D21E40C2-23E7-47A3-B2E0-B8E47CF02AD9}.Release|x86.Build.0 = Release|Any CPU
		{B1ADC0FD-8B09-4057-8DE2-A6A896FE6E23}.Debug|Any CPU.ActiveCfg = Debug|Any CPU
		{B1ADC0FD-8B09-4057-8DE2-A6A896FE6E23}.Debug|Any CPU.Build.0 = Debug|Any CPU
		{B1ADC0FD-8B09-4057-8DE2-A6A896FE6E23}.Debug|x64.ActiveCfg = Debug|Any CPU
		{B1ADC0FD-8B09-4057-8DE2-A6A896FE6E23}.Debug|x64.Build.0 = Debug|Any CPU
		{B1ADC0FD-8B09-4057-8DE2-A6A896FE6E23}.Debug|x86.ActiveCfg = Debug|Any CPU
		{B1ADC0FD-8B09-4057-8DE2-A6A896FE6E23}.Debug|x86.Build.0 = Debug|Any CPU
		{B1ADC0FD-8B09-4057-8DE2-A6A896FE6E23}.Release|Any CPU.ActiveCfg = Release|Any CPU
		{B1ADC0FD-8B09-4057-8DE2-A6A896FE6E23}.Release|Any CPU.Build.0 = Release|Any CPU
		{B1ADC0FD-8B09-4057-8DE2-A6A896FE6E23}.Release|x64.ActiveCfg = Release|Any CPU
		{B1ADC0FD-8B09-4057-8DE2-A6A896FE6E23}.Release|x64.Build.0 = Release|Any CPU
		{B1ADC0FD-8B09-4057-8DE2-A6A896FE6E23}.Release|x86.ActiveCfg = Release|Any CPU
		{B1ADC0FD-8B09-4057-8DE2-A6A896FE6E23}.Release|x86.Build.0 = Release|Any CPU
	EndGlobalSection
EndGlobal
